{
  "name": "frontend",
  "version": "1.0.0",
  "lockfileVersion": 1,
  "requires": true,
  "dependencies": {
    "@uirouter/angularjs": {
      "version": "1.0.15",
      "resolved": "https://registry.npmjs.org/@uirouter/angularjs/-/angularjs-1.0.15.tgz",
      "integrity": "sha512-qV+fz+OV5WRNNCXfeVO7nEcSSNESXOxLC0lXM9sv+IwTW6gyiynZ2wHP7fP2ETbr20sPxtbFC+kMVLzyiw/yIg==",
      "requires": {
        "@uirouter/core": "5.0.17"
      }
    },
    "@uirouter/core": {
      "version": "5.0.17",
      "resolved": "https://registry.npmjs.org/@uirouter/core/-/core-5.0.17.tgz",
      "integrity": "sha512-aJOSpaRbctGw24Mh74sonLwCyskl7KzFz7M0jRDqrd+eHZK6s/xxi4ZSNuGHRy6kF4x7195buQSJEo7u82t+rA=="
    },
    "angular": {
      "version": "1.6.9",
      "resolved": "https://registry.npmjs.org/angular/-/angular-1.6.9.tgz",
      "integrity": "sha512-6igWH2GIsxV+J38wNWCh8oyjaZsrIPIDO35twloIUyjlF2Yit6UyLAWujHP05ma/LFxTsx4NtYibRoMNBXPR1A=="
    },
    "angular-animate": {
      "version": "1.6.9",
      "resolved": "https://registry.npmjs.org/angular-animate/-/angular-animate-1.6.9.tgz",
      "integrity": "sha512-3/fqrmT6mJgB2O6oDvXDlNP6AJVqUXLWZq/P87Xo7Wt0JjcSmhJSQ02Yp7gm0Pkd5SXMKHICLpn/iEJPyse9fg=="
    },
    "angular-aria": {
      "version": "1.6.9",
      "resolved": "https://registry.npmjs.org/angular-aria/-/angular-aria-1.6.9.tgz",
      "integrity": "sha512-I2SR17Ux0o0R9KD3DRzjR5NNX3pUSKvtWYLFCLg22qvR5+736olCQSyptNIvKsvjALwfXBw1Irdlq0jyohDn+Q=="
    },
    "bootstrap": {
      "version": "4.0.0",
      "resolved": "https://registry.npmjs.org/bootstrap/-/bootstrap-4.0.0.tgz",
      "integrity": "sha512-gulJE5dGFo6Q61V/whS6VM4WIyrlydXfCgkE+Gxe5hjrJ8rXLLZlALq7zq2RPhOc45PSwQpJkrTnc2KgD6cvmA=="
    },
    "jquery": {
      "version": "3.3.1",
      "resolved": "https://registry.npmjs.org/jquery/-/jquery-3.3.1.tgz",
      "integrity": "sha512-Ubldcmxp5np52/ENotGxlLe6aGMvmF4R8S6tZjsP6Knsaxd/xp3Zrh50cG93lR6nPXyUFwzN3ZSOQI0wRJNdGg=="
    },
    "popper.js": {
      "version": "1.14.1",
      "resolved": "https://registry.npmjs.org/popper.js/-/popper.js-1.14.1.tgz",
      "integrity": "sha1-uIFeXNpvYvwgQuR2GGSfdYZuZ1M="
    }
  }
}
